
Microsoft Visual Studio Solution File, Format Version 12.00
# Visual Studio 2012
Project("{FAE04EC0-301F-11D3-BF4B-00C04F79EFBC}") = "DefaultMvcApplication", "DefaultMvcApplication\DefaultMvcApplication.csproj", "{935D21EE-AE10-4B3E-884F-D7447CD54E24}"
EndProject
Project("{FAE04EC0-301F-11D3-BF4B-00C04F79EFBC}") = "TwitterBootstrapMVC.Patch", "TwitterBootstrapMVC.Patch\TwitterBootstrapMVC.Patch.csproj", "{F13D5EDD-3BD3-4E4B-A76C-072DB0A27875}"
EndProject
Global
	GlobalSection(SolutionConfigurationPlatforms) = preSolution
		Debug|Any CPU = Debug|Any CPU
		Release|Any CPU = Release|Any CPU
	EndGlobalSection
	GlobalSection(ProjectConfigurationPlatforms) = postSolution
		{935D21EE-AE10-4B3E-884F-D7447CD54E24}.Debug|Any CPU.ActiveCfg = Debug|Any CPU
		{935D21EE-AE10-4B3E-884F-D7447CD54E24}.Debug|Any CPU.Build.0 = Debug|Any CPU
		{935D21EE-AE10-4B3E-884F-D7447CD54E24}.Release|Any CPU.ActiveCfg = Release|Any CPU
		{935D21EE-AE10-4B3E-884F-D7447CD54E24}.Release|Any CPU.Build.0 = Release|Any CPU
		{F13D5EDD-3BD3-4E4B-A76C-072DB0A27875}.Debug|Any CPU.ActiveCfg = Debug|Any CPU
		{F13D5EDD-3BD3-4E4B-A76C-072DB0A27875}.Debug|Any CPU.Build.0 = Debug|Any CPU
		{F13D5EDD-3BD3-4E4B-A76C-072DB0A27875}.Release|Any CPU.ActiveCfg = Release|Any CPU
		{F13D5EDD-3BD3-4E4B-A76C-072DB0A27875}.Release|Any CPU.Build.0 = Release|Any CPU
	EndGlobalSection
	GlobalSection(SolutionProperties) = preSolution
		HideSolutionNode = FALSE
	EndGlobalSection
EndGlobal
